
Microsoft Visual Studio Solution File, Format Version 12.00
# Visual Studio Version 17
VisualStudioVersion = 17.5.002.0
MinimumVisualStudioVersion = 10.0.40219.1
Project("{9A19103F-16F7-4668-BE54-9A1E7A4F7556}") = "Part2", "Part2\Part2.csproj", "{33B2E8B5-7F27-409D-BA93-5CEB1FEFFCEA}"
EndProject
Project("{9A19103F-16F7-4668-BE54-9A1E7A4F7556}") = "Part1Refactor", "Part1Refactor\Part1Refactor.csproj", "{8D5CB251-8811-4FD1-8F81-DD59912C93AC}"
EndProject
Project("{9A19103F-16F7-4668-BE54-9A1E7A4F7556}") = "Part1", "Part1\Part1.csproj", "{9ACA40C1-E57A-4A28-BB07-A540869FEDF5}"
EndProject
Project("{9A19103F-16F7-4668-BE54-9A1E7A4F7556}") = "Part2Refactor", "Part2Refactor\Part2Refactor.csproj", "{E501460D-8416-49D8-80F2-8B3C65C64D01}"
EndProject
Global
	GlobalSection(SolutionConfigurationPlatforms) = preSolution
		Debug|Any CPU = Debug|Any CPU
		Release|Any CPU = Release|Any CPU
	EndGlobalSection
	GlobalSection(ProjectConfigurationPlatforms) = postSolution
		{33B2E8B5-7F27-409D-BA93-5CEB1FEFFCEA}.Debug|Any CPU.ActiveCfg = Debug|Any CPU
		{33B2E8B5-7F27-409D-BA93-5CEB1FEFFCEA}.Debug|Any CPU.Build.0 = Debug|Any CPU
		{33B2E8B5-7F27-409D-BA93-5CEB1FEFFCEA}.Release|Any CPU.ActiveCfg = Release|Any CPU
		{33B2E8B5-7F27-409D-BA93-5CEB1FEFFCEA}.Release|Any CPU.Build.0 = Release|Any CPU
		{8D5CB251-8811-4FD1-8F81-DD59912C93AC}.Debug|Any CPU.ActiveCfg = Debug|Any CPU
		{8D5CB251-8811-4FD1-8F81-DD59912C93AC}.Debug|Any CPU.Build.0 = Debug|Any CPU
		{8D5CB251-8811-4FD1-8F81-DD59912C93AC}.Release|Any CPU.ActiveCfg = Release|Any CPU
		{8D5CB251-8811-4FD1-8F81-DD59912C93AC}.Release|Any CPU.Build.0 = Release|Any CPU
		{9ACA40C1-E57A-4A28-BB07-A540869FEDF5}.Debug|Any CPU.ActiveCfg = Debug|Any CPU
		{9ACA40C1-E57A-4A28-BB07-A540869FEDF5}.Debug|Any CPU.Build.0 = Debug|Any CPU
		{9ACA40C1-E57A-4A28-BB07-A540869FEDF5}.Release|Any CPU.ActiveCfg = Release|Any CPU
		{9ACA40C1-E57A-4A28-BB07-A540869FEDF5}.Release|Any CPU.Build.0 = Release|Any CPU
		{E501460D-8416-49D8-80F2-8B3C65C64D01}.Debug|Any CPU.ActiveCfg = Debug|Any CPU
		{E501460D-8416-49D8-80F2-8B3C65C64D01}.Debug|Any CPU.Build.0 = Debug|Any CPU
		{E501460D-8416-49D8-80F2-8B3C65C64D01}.Release|Any CPU.ActiveCfg = Release|Any CPU
		{E501460D-8416-49D8-80F2-8B3C65C64D01}.Release|Any CPU.Build.0 = Release|Any CPU
	EndGlobalSection
	GlobalSection(SolutionProperties) = preSolution
		HideSolutionNode = FALSE
	EndGlobalSection
	GlobalSection(ExtensibilityGlobals) = postSolution
		SolutionGuid = {642ACD0E-3570-40AD-971E-B0DCAD15E4D3}
	EndGlobalSection
EndGlobal
