
Microsoft Visual Studio Solution File, Format Version 12.00
# Visual Studio Version 17
VisualStudioVersion = 17.5.002.0
MinimumVisualStudioVersion = 10.0.40219.1
Project("{9A19103F-16F7-4668-BE54-9A1E7A4F7556}") = "Part2", "Part2\Part2.csproj", "{719AC5F5-550B-48CE-9DAA-3A230BF1FAB1}"
EndProject
Project("{9A19103F-16F7-4668-BE54-9A1E7A4F7556}") = "Part1Refactor", "Part1Refactor\Part1Refactor.csproj", "{9EFFC342-3D06-470F-88B1-E739CE746C4A}"
EndProject
Project("{9A19103F-16F7-4668-BE54-9A1E7A4F7556}") = "Part1", "Part1\Part1.csproj", "{A7EED57E-2007-4AE6-8FC7-415C0C29EE31}"
EndProject
Project("{9A19103F-16F7-4668-BE54-9A1E7A4F7556}") = "Part2Refactor", "Part2Refactor\Part2Refactor.csproj", "{297B204E-6237-4051-A470-6E5B35909A11}"
EndProject
Global
	GlobalSection(SolutionConfigurationPlatforms) = preSolution
		Debug|Any CPU = Debug|Any CPU
		Release|Any CPU = Release|Any CPU
	EndGlobalSection
	GlobalSection(ProjectConfigurationPlatforms) = postSolution
		{719AC5F5-550B-48CE-9DAA-3A230BF1FAB1}.Debug|Any CPU.ActiveCfg = Debug|Any CPU
		{719AC5F5-550B-48CE-9DAA-3A230BF1FAB1}.Debug|Any CPU.Build.0 = Debug|Any CPU
		{719AC5F5-550B-48CE-9DAA-3A230BF1FAB1}.Release|Any CPU.ActiveCfg = Release|Any CPU
		{719AC5F5-550B-48CE-9DAA-3A230BF1FAB1}.Release|Any CPU.Build.0 = Release|Any CPU
		{9EFFC342-3D06-470F-88B1-E739CE746C4A}.Debug|Any CPU.ActiveCfg = Debug|Any CPU
		{9EFFC342-3D06-470F-88B1-E739CE746C4A}.Debug|Any CPU.Build.0 = Debug|Any CPU
		{9EFFC342-3D06-470F-88B1-E739CE746C4A}.Release|Any CPU.ActiveCfg = Release|Any CPU
		{9EFFC342-3D06-470F-88B1-E739CE746C4A}.Release|Any CPU.Build.0 = Release|Any CPU
		{A7EED57E-2007-4AE6-8FC7-415C0C29EE31}.Debug|Any CPU.ActiveCfg = Debug|Any CPU
		{A7EED57E-2007-4AE6-8FC7-415C0C29EE31}.Debug|Any CPU.Build.0 = Debug|Any CPU
		{A7EED57E-2007-4AE6-8FC7-415C0C29EE31}.Release|Any CPU.ActiveCfg = Release|Any CPU
		{A7EED57E-2007-4AE6-8FC7-415C0C29EE31}.Release|Any CPU.Build.0 = Release|Any CPU
		{297B204E-6237-4051-A470-6E5B35909A11}.Debug|Any CPU.ActiveCfg = Debug|Any CPU
		{297B204E-6237-4051-A470-6E5B35909A11}.Debug|Any CPU.Build.0 = Debug|Any CPU
		{297B204E-6237-4051-A470-6E5B35909A11}.Release|Any CPU.ActiveCfg = Release|Any CPU
		{297B204E-6237-4051-A470-6E5B35909A11}.Release|Any CPU.Build.0 = Release|Any CPU
	EndGlobalSection
	GlobalSection(SolutionProperties) = preSolution
		HideSolutionNode = FALSE
	EndGlobalSection
	GlobalSection(ExtensibilityGlobals) = postSolution
		SolutionGuid = {05A2538B-872B-4A5A-8FAA-27679D9E6DCC}
	EndGlobalSection
EndGlobal
