
Microsoft Visual Studio Solution File, Format Version 12.00
# Visual Studio Version 17
VisualStudioVersion = 17.5.002.0
MinimumVisualStudioVersion = 10.0.40219.1
Project("{9A19103F-16F7-4668-BE54-9A1E7A4F7556}") = "Part2LCM", "Part2LCM\Part2LCM.csproj", "{E6F8DD63-DB66-4B91-B7A2-6B45D6BCEBF3}"
EndProject
Project("{9A19103F-16F7-4668-BE54-9A1E7A4F7556}") = "Part2", "Part2\Part2.csproj", "{BE6058F9-FC01-42C8-8206-9DA195D7CDBD}"
EndProject
Project("{9A19103F-16F7-4668-BE54-9A1E7A4F7556}") = "Part2Structure", "Part2Structure\Part2Structure.csproj", "{81B89A7F-2D9D-42E9-BEA6-12986F14CCE8}"
EndProject
Project("{9A19103F-16F7-4668-BE54-9A1E7A4F7556}") = "Part1Refactor", "Part1Refactor\Part1Refactor.csproj", "{2F3B8BC5-1587-4673-B7EA-6886671CA37A}"
EndProject
Project("{9A19103F-16F7-4668-BE54-9A1E7A4F7556}") = "Part1", "Part1\Part1.csproj", "{73F2016D-DEF2-4FF2-9B72-0A75EC1E67A7}"
EndProject
Global
	GlobalSection(SolutionConfigurationPlatforms) = preSolution
		Debug|Any CPU = Debug|Any CPU
		Release|Any CPU = Release|Any CPU
	EndGlobalSection
	GlobalSection(ProjectConfigurationPlatforms) = postSolution
		{E6F8DD63-DB66-4B91-B7A2-6B45D6BCEBF3}.Debug|Any CPU.ActiveCfg = Debug|Any CPU
		{E6F8DD63-DB66-4B91-B7A2-6B45D6BCEBF3}.Debug|Any CPU.Build.0 = Debug|Any CPU
		{E6F8DD63-DB66-4B91-B7A2-6B45D6BCEBF3}.Release|Any CPU.ActiveCfg = Release|Any CPU
		{E6F8DD63-DB66-4B91-B7A2-6B45D6BCEBF3}.Release|Any CPU.Build.0 = Release|Any CPU
		{BE6058F9-FC01-42C8-8206-9DA195D7CDBD}.Debug|Any CPU.ActiveCfg = Debug|Any CPU
		{BE6058F9-FC01-42C8-8206-9DA195D7CDBD}.Debug|Any CPU.Build.0 = Debug|Any CPU
		{BE6058F9-FC01-42C8-8206-9DA195D7CDBD}.Release|Any CPU.ActiveCfg = Release|Any CPU
		{BE6058F9-FC01-42C8-8206-9DA195D7CDBD}.Release|Any CPU.Build.0 = Release|Any CPU
		{81B89A7F-2D9D-42E9-BEA6-12986F14CCE8}.Debug|Any CPU.ActiveCfg = Debug|Any CPU
		{81B89A7F-2D9D-42E9-BEA6-12986F14CCE8}.Debug|Any CPU.Build.0 = Debug|Any CPU
		{81B89A7F-2D9D-42E9-BEA6-12986F14CCE8}.Release|Any CPU.ActiveCfg = Release|Any CPU
		{81B89A7F-2D9D-42E9-BEA6-12986F14CCE8}.Release|Any CPU.Build.0 = Release|Any CPU
		{2F3B8BC5-1587-4673-B7EA-6886671CA37A}.Debug|Any CPU.ActiveCfg = Debug|Any CPU
		{2F3B8BC5-1587-4673-B7EA-6886671CA37A}.Debug|Any CPU.Build.0 = Debug|Any CPU
		{2F3B8BC5-1587-4673-B7EA-6886671CA37A}.Release|Any CPU.ActiveCfg = Release|Any CPU
		{2F3B8BC5-1587-4673-B7EA-6886671CA37A}.Release|Any CPU.Build.0 = Release|Any CPU
		{73F2016D-DEF2-4FF2-9B72-0A75EC1E67A7}.Debug|Any CPU.ActiveCfg = Debug|Any CPU
		{73F2016D-DEF2-4FF2-9B72-0A75EC1E67A7}.Debug|Any CPU.Build.0 = Debug|Any CPU
		{73F2016D-DEF2-4FF2-9B72-0A75EC1E67A7}.Release|Any CPU.ActiveCfg = Release|Any CPU
		{73F2016D-DEF2-4FF2-9B72-0A75EC1E67A7}.Release|Any CPU.Build.0 = Release|Any CPU
	EndGlobalSection
	GlobalSection(SolutionProperties) = preSolution
		HideSolutionNode = FALSE
	EndGlobalSection
	GlobalSection(ExtensibilityGlobals) = postSolution
		SolutionGuid = {D97407A0-F42F-4E7F-AEF3-CCB6EF97D4B4}
	EndGlobalSection
EndGlobal
